PODS:
  - SDCloudKitModel (1.0.0)
  - SDCoreKit (1.0.0)
  - SDScanKit (1.0.0):
    - SDCoreKit

DEPENDENCIES:
  - SDCloudKitModel (from `../SDCloudKitModel`)
  - SDCoreKit (from `../SDCoreKit`)
  - SDScanKit (from `../SDScanKit`)

EXTERNAL SOURCES:
  SDCloudKitModel:
    :path: "../SDCloudKitModel"
  SDCoreKit:
    :path: "../SDCoreKit"
  SDScanKit:
    :path: "../SDScanKit"

SPEC CHECKSUMS:
  SDCloudKitModel: 5d8674c8e83592202158f9d559b0d877d4106b81
  SDCoreKit: 098a4f1d9398d9f7de03cf33307b35f1a31a4941
  SDScanKit: 8ccf2518b7bdadd7771ca2e07362fbee4f39ec78

PODFILE CHECKSUM: 2f19669295c7fd453edb941034cc4a9897cf13ea

COCOAPODS: 1.11.3
